
Microsoft Visual Studio Solution File, Format Version 10.00
# Visual Studio 2008
Project("{D183A3D8-5FD8-494B-B014-37F57B35E655}") = "INTEGRACION_ANALISIS_GS", "INTEGRACION_ANALISIS_GS\INTEGRACION_ANALISIS_GS.dtproj", "{92672368-449B-48B1-B4F8-4E87DF344C60}"
EndProject
Global
	GlobalSection(SolutionConfigurationPlatforms) = preSolution
		Development|Default = Development|Default
	EndGlobalSection
	GlobalSection(ProjectConfigurationPlatforms) = postSolution
		{92672368-449B-48B1-B4F8-4E87DF344C60}.Development|Default.ActiveCfg = Development
		{92672368-449B-48B1-B4F8-4E87DF344C60}.Development|Default.Build.0 = Development
	EndGlobalSection
	GlobalSection(SolutionProperties) = preSolution
		HideSolutionNode = FALSE
	EndGlobalSection
EndGlobal
